PODS:
  - MBProgressHUD (0.9.2)
  - POPFormTable (0.1.12):
    - POPLib (~> 0.1)
  - POPLib (0.1.83):
    - MBProgressHUD (~> 0.9)

DEPENDENCIES:
  - POPFormTable (from `../`)

EXTERNAL SOURCES:
  POPFormTable:
    :path: ../

SPEC CHECKSUMS:
  MBProgressHUD: 1569cf7ace17a8bac47aabfbb8580a49690386d1
  POPFormTable: f3c8eaebd478962f7ec6f1a8f1eedb463c66d1aa
  POPLib: dac6d9cda92d88572f8e7b367bf4be8e2e65f60e

COCOAPODS: 0.39.0
