PODS:
  - MBProgressHUD (0.9.2)
  - POPFormTable (0.1.0):
    - POPLib (~> 0.1)
  - POPLib (0.1.64):
    - MBProgressHUD (~> 0.9)

DEPENDENCIES:
  - POPFormTable (from `../`)

EXTERNAL SOURCES:
  POPFormTable:
    :path: ../

SPEC CHECKSUMS:
  MBProgressHUD: 1569cf7ace17a8bac47aabfbb8580a49690386d1
  POPFormTable: 433b55e05110ab824fbbca3e543f0dd6a1f52084
  POPLib: 3db9766fe51d44fd394a807b225828a923c70769

COCOAPODS: 0.39.0
